# THIS IS AN AUTOGENERATED FILE. DO NOT EDIT THIS FILE DIRECTLY.
# yarn lockfile v1


"@algolia/autocomplete-core@1.0.0-alpha.44":
  version "1.0.0-alpha.44"
  resolved "https://registry.yarnpkg.com/@algolia/autocomplete-core/-/autocomplete-core-1.0.0-alpha.44.tgz#e626dba45f5f3950d6beb0ab055395ef0f7e8bb2"
  integrity sha512-2iMXthldMIDXtlbg9omRKLgg1bLo2ZzINAEqwhNjUeyj1ceEyL1ck6FY0VnJpf2LsjmNthHCz2BuFk+nYUeDNA==
  dependencies:
    "@algolia/autocomplete-shared" "1.0.0-alpha.44"

"@algolia/autocomplete-preset-algolia@1.0.0-alpha.44":
  version "1.0.0-alpha.44"
  resolved "https://registry.yarnpkg.com/@algolia/autocomplete-preset-algolia/-/autocomplete-preset-algolia-1.0.0-alpha.44.tgz#0ea0b255d0be10fbe262e281472dd6e4619b62ba"
  integrity sha512-DCHwo5ovzg9k2ejUolGNTLFnIA7GpsrkbNJTy1sFbMnYfBmeK8egZPZnEl7lBTr27OaZu7IkWpTepLVSztZyng==
  dependencies:
    "@algolia/autocomplete-shared" "1.0.0-alpha.44"

"@algolia/autocomplete-shared@1.0.0-alpha.44":
  version "1.0.0-alpha.44"
  resolved "https://registry.yarnpkg.com/@algolia/autocomplete-shared/-/autocomplete-shared-1.0.0-alpha.44.tgz#db13902ad1667e455711b77d08cae1a0feafaa48"
  integrity sha512-2oQZPERYV+yNx/yoVWYjZZdOqsitJ5dfxXJjL18yczOXH6ujnsq+DTczSrX+RjzjQdVeJ1UAG053EJQF/FOiMg==

"@algolia/cache-browser-local-storage@4.8.6":
  version "4.8.6"
  resolved "https://registry.yarnpkg.com/@algolia/cache-browser-local-storage/-/cache-browser-local-storage-4.8.6.tgz#6be9644b68efbbc231ac3f0a4cfa985ef31eade9"
  integrity sha512-Bam7otzjIEgrRXWmk0Amm1+B3ROI5dQnUfJEBjIy0YPM0kMahEoJXCw6160tGKxJLl1g6icoC953nGshQKO7cA==
  dependencies:
    "@algolia/cache-common" "4.8.6"

"@algolia/cache-common@4.8.6":
  version "4.8.6"
  resolved "https://registry.yarnpkg.com/@algolia/cache-common/-/cache-common-4.8.6.tgz#dff1697a0fe3d7856630071559661ec5ad90f31c"
  integrity sha512-eGQlsXU5G7n4RvV/K6qe6lRAeL6EKAYPT3yZDBjCW4pAh7JWta+77a7BwUQkTqXN1MEQWZXjex3E4z/vFpzNrg==

"@algolia/cache-in-memory@4.8.6":
  version "4.8.6"
  resolved "https://registry.yarnpkg.com/@algolia/cache-in-memory/-/cache-in-memory-4.8.6.tgz#9a100a1be05e700a253ef4bdabd3bd45df2f67d4"
  integrity sha512-kbJrvCFANxL/l5Pq1NFyHLRphKDwmqcD/OJga0IbNKEulRGDPkt1+pC7/q8d2ikP12adBjLLg2CVias9RJpIaw==
  dependencies:
    "@algolia/cache-common" "4.8.6"

"@algolia/client-account@4.8.6":
  version "4.8.6"
  resolved "https://registry.yarnpkg.com/@algolia/client-account/-/client-account-4.8.6.tgz#050cfd6a6d3e06a5a8e1029f24d6d50524d186c6"
  integrity sha512-FQVJE/BgCb78jtG7V0r30sMl9P5JKsrsOacGtGF2YebqI0YF25y8Z1nO39lbdjahxUS3QkDw2d0P2EVMj65g2Q==
  dependencies:
    "@algolia/client-common" "4.8.6"
    "@algolia/client-search" "4.8.6"
    "@algolia/transporter" "4.8.6"

"@algolia/client-analytics@4.8.6":
  version "4.8.6"
  resolved "https://registry.yarnpkg.com/@algolia/client-analytics/-/client-analytics-4.8.6.tgz#ac644cfc9d87a085b9e53c71a42ef6e90d828501"
  integrity sha512-ZBYFUlzNaWDFtt0rYHI7xbfVX0lPWU9lcEEXI/BlnkRgEkm247H503tNatPQFA1YGkob52EU18sV1eJ+OFRBLA==
  dependencies:
    "@algolia/client-common" "4.8.6"
    "@algolia/client-search" "4.8.6"
    "@algolia/requester-common" "4.8.6"
    "@algolia/transporter" "4.8.6"

"@algolia/client-common@4.8.6":
  version "4.8.6"
  resolved "https://registry.yarnpkg.com/@algolia/client-common/-/client-common-4.8.6.tgz#c8b81af250ed8beb741a0e5cfdd3236bb4292c94"
  integrity sha512-8dI+K3Nvbes2YRZm2LY7bdCUD05e60BhacrMLxFuKxnBGuNehME1wbxq/QxcG1iNFJlxLIze5TxIcNN3+pn76g==
  dependencies:
    "@algolia/requester-common" "4.8.6"
    "@algolia/transporter" "4.8.6"

"@algolia/client-recommendation@4.8.6":
  version "4.8.6"
  resolved "https://registry.yarnpkg.com/@algolia/client-recommendation/-/client-recommendation-4.8.6.tgz#2518a09bfbeaec78b0d7a4213107f0899f80f9ac"
  integrity sha512-Kg8DpjwvaWWujNx6sAUrSL+NTHxFe/UNaliCcSKaMhd3+FiPXN+CrSkO0KWR7I+oK2qGBTG/2Y0BhFOJ5/B/RA==
  dependencies:
    "@algolia/client-common" "4.8.6"
    "@algolia/requester-common" "4.8.6"
    "@algolia/transporter" "4.8.6"

"@algolia/client-search@4.8.6":
  version "4.8.6"
  resolved "https://registry.yarnpkg.com/@algolia/client-search/-/client-search-4.8.6.tgz#1ca3f28c04ef4120b0563a293b30fcfe1b3fd1d0"
  integrity sha512-vXLS6umL/9G3bwqc6pkrS9K5/s8coq55mpfRARL+bs0NsToOf77WSTdwzlxv/KdbVF7dHjXgUpBvJ6RyR4ZdAw==
  dependencies:
    "@algolia/client-common" "4.8.6"
    "@algolia/requester-common" "4.8.6"
    "@algolia/transporter" "4.8.6"

"@algolia/logger-common@4.8.6":
  version "4.8.6"
  resolved "https://registry.yarnpkg.com/@algolia/logger-common/-/logger-common-4.8.6.tgz#8c44a4f550e12418b0ec8d76a068e4f1c64206d1"
  integrity sha512-FMRxZGdDxSzd0/Mv0R1021FvUt0CcbsQLYeyckvSWX8w+Uk4o0lcV6UtZdERVR5XZsGOqoXLMIYDbR2vkbGbVw==

"@algolia/logger-console@4.8.6":
  version "4.8.6"
  resolved "https://registry.yarnpkg.com/@algolia/logger-console/-/logger-console-4.8.6.tgz#77176570fa6532fa846c7cfa2c6280935b1a3a06"
  integrity sha512-TYw9lwUCjvApC6Z0zn36T6gkCl7hbfJmnU+Z/D8pFJ3Yp7lz06S3oWGjbdrULrYP1w1VOhjd0X7/yGNsMhzutQ==
  dependencies:
    "@algolia/logger-common" "4.8.6"

"@algolia/requester-browser-xhr@4.8.6":
  version "4.8.6"
  resolved "https://registry.yarnpkg.com/@algolia/requester-browser-xhr/-/requester-browser-xhr-4.8.6.tgz#dbcb5906d10c619d7f08fced2f68fa09abffe5fd"
  integrity sha512-omh6uJ3CJXOmcrU9M3/KfGg8XkUuGJGIMkqEbkFvIebpBJxfs6TVs0ziNeMFAcAfhi8/CGgpLbDSgJtWdGQa6w==
  dependencies:
    "@algolia/requester-common" "4.8.6"

"@algolia/requester-common@4.8.6":
  version "4.8.6"
  resolved "https://registry.yarnpkg.com/@algolia/requester-common/-/requester-common-4.8.6.tgz#37ea1f9ecc1afcd91532b9f9c952c62fdef42bca"
  integrity sha512-r5xJqq/D9KACkI5DgRbrysVL5DUUagikpciH0k0zjBbm+cXiYfpmdflo/h6JnY6kmvWgjr/4DoeTjKYb/0deAQ==

"@algolia/requester-node-http@4.8.6":
  version "4.8.6"
  resolved "https://registry.yarnpkg.com/@algolia/requester-node-http/-/requester-node-http-4.8.6.tgz#e966293224f3bd1ba32ce4f9bc0fdada5d8e69ec"
  integrity sha512-TB36OqTVOKyHCOtdxhn/IJyI/NXi/BWy8IEbsiWwwZWlL79NWHbetj49jXWFolEYEuu8PgDjjZGpRhypSuO9XQ==
  dependencies:
    "@algolia/requester-common" "4.8.6"

"@algolia/transporter@4.8.6":
  version "4.8.6"
  resolved "https://registry.yarnpkg.com/@algolia/transporter/-/transporter-4.8.6.tgz#b605dcd971aed374bdd95dd8938b93b9df650109"
  integrity sha512-NRb31J0TP7EPoVMpXZ4yAtr61d26R8KGaf6qdULknvq5sOVHuuH4PwmF08386ERfIsgnM/OBhl+uzwACdCIjSg==
  dependencies:
    "@algolia/cache-common" "4.8.6"
    "@algolia/logger-common" "4.8.6"
    "@algolia/requester-common" "4.8.6"

"@docsearch/css@3.0.0-alpha.34":
  version "3.0.0-alpha.34"
  resolved "https://registry.yarnpkg.com/@docsearch/css/-/css-3.0.0-alpha.34.tgz#5d5c39955956e237884a9997eb29e28c8adc99fa"
  integrity sha512-ZUbmxbN9gQp3vuBo9GDnm+ywB9aZQSh0ogjt6865PmeRUvyCCvgSwyZktliLPvAztoGX56qewQjxNcso3RrSow==

algoliasearch@^4.0.0:
  version "4.8.6"
  resolved "https://registry.yarnpkg.com/algoliasearch/-/algoliasearch-4.8.6.tgz#8d6d7d2315bb052705a8ef5c8dbf57a19d357c2b"
  integrity sha512-G8IA3lcgaQB4r9HuQ4G+uSFjjz0Wv2OgEPiQ8emA+G2UUlroOfMl064j1bq/G+QTW0LmTQp9JwrFDRWxFM9J7w==
  dependencies:
    "@algolia/cache-browser-local-storage" "4.8.6"
    "@algolia/cache-common" "4.8.6"
    "@algolia/cache-in-memory" "4.8.6"
    "@algolia/client-account" "4.8.6"
    "@algolia/client-analytics" "4.8.6"
    "@algolia/client-common" "4.8.6"
    "@algolia/client-recommendation" "4.8.6"
    "@algolia/client-search" "4.8.6"
    "@algolia/logger-common" "4.8.6"
    "@algolia/logger-console" "4.8.6"
    "@algolia/requester-browser-xhr" "4.8.6"
    "@algolia/requester-common" "4.8.6"
    "@algolia/requester-node-http" "4.8.6"
    "@algolia/transporter" "4.8.6"
